
Microsoft Visual Studio Solution File, Format Version 12.00
# Visual Studio 15
VisualStudioVersion = 15.0.26730.15
MinimumVisualStudioVersion = 10.0.40219.1
Project("{FAE04EC0-301F-11D3-BF4B-00C04F79EFBC}") = "MyFirtsMethod1", "MyFirtsMethod1\MyFirtsMethod1.csproj", "{922B3019-C0E8-41BA-A171-6500DE602C16}"
EndProject
Global
	GlobalSection(SolutionConfigurationPlatforms) = preSolution
		Debug|Any CPU = Debug|Any CPU
		Release|Any CPU = Release|Any CPU
	EndGlobalSection
	GlobalSection(ProjectConfigurationPlatforms) = postSolution
		{922B3019-C0E8-41BA-A171-6500DE602C16}.Debug|Any CPU.ActiveCfg = Debug|Any CPU
		{922B3019-C0E8-41BA-A171-6500DE602C16}.Debug|Any CPU.Build.0 = Debug|Any CPU
		{922B3019-C0E8-41BA-A171-6500DE602C16}.Release|Any CPU.ActiveCfg = Release|Any CPU
		{922B3019-C0E8-41BA-A171-6500DE602C16}.Release|Any CPU.Build.0 = Release|Any CPU
	EndGlobalSection
	GlobalSection(SolutionProperties) = preSolution
		HideSolutionNode = FALSE
	EndGlobalSection
	GlobalSection(ExtensibilityGlobals) = postSolution
		SolutionGuid = {356F7C72-7CC7-480E-9EBA-137144AE5382}
	EndGlobalSection
EndGlobal
